
Microsoft Visual Studio Solution File, Format Version 12.00
# Visual Studio Version 16
VisualStudioVersion = 16.0.29326.143
MinimumVisualStudioVersion = 10.0.40219.1
Project("{FAE04EC0-301F-11D3-BF4B-00C04F79EFBC}") = "Permutations.Tests", "tests\Permutations.Tests\Permutations.Tests.csproj", "{BE924439-F7DD-4D07-9DFB-4479AEC97DD5}"
EndProject
Project("{FAE04EC0-301F-11D3-BF4B-00C04F79EFBC}") = "Permutations", "src\Permutations\Permutations.csproj", "{66A8E899-566D-42A4-B39C-8D9442AAC49A}"
EndProject
Global
	GlobalSection(SolutionConfigurationPlatforms) = preSolution
		Debug|Any CPU = Debug|Any CPU
		Release|Any CPU = Release|Any CPU
	EndGlobalSection
	GlobalSection(ProjectConfigurationPlatforms) = postSolution
		{BE924439-F7DD-4D07-9DFB-4479AEC97DD5}.Debug|Any CPU.ActiveCfg = Debug|Any CPU
		{BE924439-F7DD-4D07-9DFB-4479AEC97DD5}.Debug|Any CPU.Build.0 = Debug|Any CPU
		{BE924439-F7DD-4D07-9DFB-4479AEC97DD5}.Release|Any CPU.ActiveCfg = Release|Any CPU
		{BE924439-F7DD-4D07-9DFB-4479AEC97DD5}.Release|Any CPU.Build.0 = Release|Any CPU
		{66A8E899-566D-42A4-B39C-8D9442AAC49A}.Debug|Any CPU.ActiveCfg = Debug|Any CPU
		{66A8E899-566D-42A4-B39C-8D9442AAC49A}.Debug|Any CPU.Build.0 = Debug|Any CPU
		{66A8E899-566D-42A4-B39C-8D9442AAC49A}.Release|Any CPU.ActiveCfg = Release|Any CPU
		{66A8E899-566D-42A4-B39C-8D9442AAC49A}.Release|Any CPU.Build.0 = Release|Any CPU
	EndGlobalSection
	GlobalSection(SolutionProperties) = preSolution
		HideSolutionNode = FALSE
	EndGlobalSection
	GlobalSection(ExtensibilityGlobals) = postSolution
		SolutionGuid = {40611C63-8ED1-48FD-AF44-D05DF94A6211}
	EndGlobalSection
EndGlobal
